
Microsoft Visual Studio Solution File, Format Version 12.00
# Visual Studio Version 16
VisualStudioVersion = 25.0.1700.2
MinimumVisualStudioVersion = 10.0.40219.1
Project("{FAE04EC0-301F-11D3-BF4B-00C04F79EFBC}") = "AddressValidation", "AddressValidation\AddressValidation.csproj", "{3ADCE0EA-D121-414A-B6C6-5846EDABF4F8}"
EndProject
Global
	GlobalSection(SolutionConfigurationPlatforms) = preSolution
		Debug|Any CPU = Debug|Any CPU
		Release|Any CPU = Release|Any CPU
	EndGlobalSection
	GlobalSection(ProjectConfigurationPlatforms) = postSolution
		{3ADCE0EA-D121-414A-B6C6-5846EDABF4F8}.Debug|Any CPU.ActiveCfg = Debug|Any CPU
		{3ADCE0EA-D121-414A-B6C6-5846EDABF4F8}.Debug|Any CPU.Build.0 = Debug|Any CPU
		{3ADCE0EA-D121-414A-B6C6-5846EDABF4F8}.Release|Any CPU.ActiveCfg = Release|Any CPU
		{3ADCE0EA-D121-414A-B6C6-5846EDABF4F8}.Release|Any CPU.Build.0 = Release|Any CPU
	EndGlobalSection
	GlobalSection(SolutionProperties) = preSolution
		HideSolutionNode = FALSE
	EndGlobalSection
	GlobalSection(ExtensibilityGlobals) = postSolution
		SolutionGuid = {1D6125B4-49BD-4D7E-82DD-F4110221952A}
	EndGlobalSection
EndGlobal
